Microsoft Visual Studio Solution File, Format Version 11.00
# Visual Studio 2008

Project("{1F6FD3D2-FB96-5147-BA90-DA4B4181A0C0}") = "Copia escritorio Space Invading", "Assembly-CSharp.csproj", "{5EEAF636-7C13-76C3-BCDF-4C73BE911524}"
EndProject
Global
	GlobalSection(SolutionConfigurationPlatforms) = preSolution
		Debug|Any CPU = Debug|Any CPU
		Release|Any CPU = Release|Any CPU
	EndGlobalSection
	GlobalSection(ProjectConfigurationPlatforms) = postSolution
		{5EEAF636-7C13-76C3-BCDF-4C73BE911524}.Debug|Any CPU.ActiveCfg = Debug|Any CPU
		{5EEAF636-7C13-76C3-BCDF-4C73BE911524}.Debug|Any CPU.Build.0 = Debug|Any CPU
		{5EEAF636-7C13-76C3-BCDF-4C73BE911524}.Release|Any CPU.ActiveCfg = Release|Any CPU
		{5EEAF636-7C13-76C3-BCDF-4C73BE911524}.Release|Any CPU.Build.0 = Release|Any CPU
	EndGlobalSection
	GlobalSection(SolutionProperties) = preSolution
		HideSolutionNode = FALSE
	EndGlobalSection
	GlobalSection(MonoDevelopProperties) = preSolution
		StartupItem = Assembly-CSharp.csproj
	EndGlobalSection
EndGlobal
